
Microsoft Visual Studio Solution File, Format Version 12.00
# Visual Studio Version 16
VisualStudioVersion = 16.0.30320.27
MinimumVisualStudioVersion = 10.0.40219.1
Project("{FAE04EC0-301F-11D3-BF4B-00C04F79EFBC}") = "Unit3InClass", "Unit3InClass\Unit3InClass.csproj", "{4573F5C9-FB49-44DC-BC68-FC9550212904}"
EndProject
Global
	GlobalSection(SolutionConfigurationPlatforms) = preSolution
		Debug|Any CPU = Debug|Any CPU
		Release|Any CPU = Release|Any CPU
	EndGlobalSection
	GlobalSection(ProjectConfigurationPlatforms) = postSolution
		{4573F5C9-FB49-44DC-BC68-FC9550212904}.Debug|Any CPU.ActiveCfg = Debug|Any CPU
		{4573F5C9-FB49-44DC-BC68-FC9550212904}.Debug|Any CPU.Build.0 = Debug|Any CPU
		{4573F5C9-FB49-44DC-BC68-FC9550212904}.Release|Any CPU.ActiveCfg = Release|Any CPU
		{4573F5C9-FB49-44DC-BC68-FC9550212904}.Release|Any CPU.Build.0 = Release|Any CPU
	EndGlobalSection
	GlobalSection(SolutionProperties) = preSolution
		HideSolutionNode = FALSE
	EndGlobalSection
	GlobalSection(ExtensibilityGlobals) = postSolution
		SolutionGuid = {9EE04B87-6924-4371-B286-CFF7085FD8A2}
	EndGlobalSection
EndGlobal
